
Microsoft Visual Studio Solution File, Format Version 12.00
# Visual Studio Version 17
VisualStudioVersion = 17.2.32519.379
MinimumVisualStudioVersion = 10.0.40219.1
Project("{9A19103F-16F7-4668-BE54-9A1E7A4F7556}") = "CashCheats", "CashCheats\CashCheats.csproj", "{13E699D6-286E-46C8-A3EF-077AA961AEDF}"
EndProject
Project("{9A19103F-16F7-4668-BE54-9A1E7A4F7556}") = "AedenthornUtils", "AedenthornUtils\AedenthornUtils.csproj", "{2DEDBC1A-F7DE-491F-AECD-32CA6955A630}"
EndProject
Project("{9A19103F-16F7-4668-BE54-9A1E7A4F7556}") = "NoEpicLauncher", "NoEpicLauncher\NoEpicLauncher.csproj", "{D629310B-DAA1-41D7-AE97-FFD2627B5805}"
EndProject
Global
	GlobalSection(SolutionConfigurationPlatforms) = preSolution
		Debug|Any CPU = Debug|Any CPU
		Release|Any CPU = Release|Any CPU
	EndGlobalSection
	GlobalSection(ProjectConfigurationPlatforms) = postSolution
		{13E699D6-286E-46C8-A3EF-077AA961AEDF}.Debug|Any CPU.ActiveCfg = Debug|Any CPU
		{13E699D6-286E-46C8-A3EF-077AA961AEDF}.Debug|Any CPU.Build.0 = Debug|Any CPU
		{13E699D6-286E-46C8-A3EF-077AA961AEDF}.Release|Any CPU.ActiveCfg = Release|Any CPU
		{13E699D6-286E-46C8-A3EF-077AA961AEDF}.Release|Any CPU.Build.0 = Release|Any CPU
		{2DEDBC1A-F7DE-491F-AECD-32CA6955A630}.Debug|Any CPU.ActiveCfg = Debug|Any CPU
		{2DEDBC1A-F7DE-491F-AECD-32CA6955A630}.Debug|Any CPU.Build.0 = Debug|Any CPU
		{2DEDBC1A-F7DE-491F-AECD-32CA6955A630}.Release|Any CPU.ActiveCfg = Release|Any CPU
		{2DEDBC1A-F7DE-491F-AECD-32CA6955A630}.Release|Any CPU.Build.0 = Release|Any CPU
		{D629310B-DAA1-41D7-AE97-FFD2627B5805}.Debug|Any CPU.ActiveCfg = Debug|Any CPU
		{D629310B-DAA1-41D7-AE97-FFD2627B5805}.Debug|Any CPU.Build.0 = Debug|Any CPU
		{D629310B-DAA1-41D7-AE97-FFD2627B5805}.Release|Any CPU.ActiveCfg = Release|Any CPU
		{D629310B-DAA1-41D7-AE97-FFD2627B5805}.Release|Any CPU.Build.0 = Release|Any CPU
	EndGlobalSection
	GlobalSection(SolutionProperties) = preSolution
		HideSolutionNode = FALSE
	EndGlobalSection
	GlobalSection(ExtensibilityGlobals) = postSolution
		SolutionGuid = {A5B2C26F-AD31-4B18-9D6A-A468EEC58045}
	EndGlobalSection
EndGlobal
